
Microsoft Visual Studio Solution File, Format Version 12.00
# Visual Studio Version 17
VisualStudioVersion = 17.4.33213.308
MinimumVisualStudioVersion = 10.0.40219.1
Project("{FAE04EC0-301F-11D3-BF4B-00C04F79EFBC}") = "13_MvcCoreCrudDepartamentosEF", "13_MvcCoreCrudDepartamentosEF\13_MvcCoreCrudDepartamentosEF.csproj", "{AE452F38-8C0F-4DC7-B0D9-E277EC2A37D1}"
EndProject
Global
	GlobalSection(SolutionConfigurationPlatforms) = preSolution
		Debug|Any CPU = Debug|Any CPU
		Release|Any CPU = Release|Any CPU
	EndGlobalSection
	GlobalSection(ProjectConfigurationPlatforms) = postSolution
		{AE452F38-8C0F-4DC7-B0D9-E277EC2A37D1}.Debug|Any CPU.ActiveCfg = Debug|Any CPU
		{AE452F38-8C0F-4DC7-B0D9-E277EC2A37D1}.Debug|Any CPU.Build.0 = Debug|Any CPU
		{AE452F38-8C0F-4DC7-B0D9-E277EC2A37D1}.Release|Any CPU.ActiveCfg = Release|Any CPU
		{AE452F38-8C0F-4DC7-B0D9-E277EC2A37D1}.Release|Any CPU.Build.0 = Release|Any CPU
	EndGlobalSection
	GlobalSection(SolutionProperties) = preSolution
		HideSolutionNode = FALSE
	EndGlobalSection
	GlobalSection(ExtensibilityGlobals) = postSolution
		SolutionGuid = {EAADF266-1141-46BA-9856-26E558F42346}
	EndGlobalSection
EndGlobal
